
Microsoft Visual Studio Solution File, Format Version 12.00
# Visual Studio 15
Project("{FAE04EC0-301F-11D3-BF4B-00C04F79EFBC}") = "Assembly-CSharp-Editor", "Assembly-CSharp-Editor.csproj", "{D3871D2B-128A-18A5-504C-6DFE12C4CBCD}"
EndProject
Project("{FAE04EC0-301F-11D3-BF4B-00C04F79EFBC}") = "Assembly-CSharp", "Assembly-CSharp.csproj", "{4D909152-AA4C-A574-11FE-68E6DA898FDC}"
EndProject
Global
	GlobalSection(SolutionConfigurationPlatforms) = preSolution
		Debug|Any CPU = Debug|Any CPU
		Release|Any CPU = Release|Any CPU
	EndGlobalSection
	GlobalSection(ProjectConfigurationPlatforms) = postSolution
		{D3871D2B-128A-18A5-504C-6DFE12C4CBCD}.Debug|Any CPU.ActiveCfg = Debug|Any CPU
		{D3871D2B-128A-18A5-504C-6DFE12C4CBCD}.Debug|Any CPU.Build.0 = Debug|Any CPU
		{D3871D2B-128A-18A5-504C-6DFE12C4CBCD}.Release|Any CPU.ActiveCfg = Release|Any CPU
		{D3871D2B-128A-18A5-504C-6DFE12C4CBCD}.Release|Any CPU.Build.0 = Release|Any CPU
		{4D909152-AA4C-A574-11FE-68E6DA898FDC}.Debug|Any CPU.ActiveCfg = Debug|Any CPU
		{4D909152-AA4C-A574-11FE-68E6DA898FDC}.Debug|Any CPU.Build.0 = Debug|Any CPU
		{4D909152-AA4C-A574-11FE-68E6DA898FDC}.Release|Any CPU.ActiveCfg = Release|Any CPU
		{4D909152-AA4C-A574-11FE-68E6DA898FDC}.Release|Any CPU.Build.0 = Release|Any CPU
	EndGlobalSection
	GlobalSection(SolutionProperties) = preSolution
		HideSolutionNode = FALSE
	EndGlobalSection
EndGlobal
